// !$*UTF8*$!
{
	archiveVersion = 1;
	classes = {
	};
	objectVersion = 48;
	objects = {

/* Begin PBXBuildFile section */
		330E7C7723ED870CFA5E189A /* Pods_ParseChat.framework in Frameworks */ = {isa = PBXBuildFile; fileRef = CE784A260BA47D267BE54B5A /* Pods_ParseChat.framework */; };
		420D117A156D0AB13FCE3A21 /* Pods_ParseChatTests.framework in Frameworks */ = {isa = PBXBuildFile; fileRef = BE86561A46B554D5533A867A /* Pods_ParseChatTests.framework */; };
		BDDADBE7203B7C5D0094D6A6 /* AppDelegate.swift in Sources */ = {isa = PBXBuildFile; fileRef = BDDADBE6203B7C5D0094D6A6 /* AppDelegate.swift */; };
		BDDADBE9203B7C5D0094D6A6 /* ViewController.swift in Sources */ = {isa = PBXBuildFile; fileRef = BDDADBE8203B7C5D0094D6A6 /* ViewController.swift */; };
		BDDADBEC203B7C5D0094D6A6 /* Main.storyboard in Resources */ = {isa = PBXBuildFile; fileRef = BDDADBEA203B7C5D0094D6A6 /* Main.storyboard */; };
		BDDADBEF203B7C5D0094D6A6 /* ParseChat.xcdatamodeld in Sources */ = {isa = PBXBuildFile; fileRef = BDDADBED203B7C5D0094D6A6 /* ParseChat.xcdatamodeld */; };
		BDDADBF1203B7C5D0094D6A6 /* Assets.xcassets in Resources */ = {isa = PBXBuildFile; fileRef = BDDADBF0203B7C5D0094D6A6 /* Assets.xcassets */; };
		BDDADBF4203B7C5E0094D6A6 /* LaunchScreen.storyboard in Resources */ = {isa = PBXBuildFile; fileRef = BDDADBF2203B7C5E0094D6A6 /* LaunchScreen.storyboard */; };
		BDDADBFF203B7C5E0094D6A6 /* ParseChatTests.swift in Sources */ = {isa = PBXBuildFile; fileRef = BDDADBFE203B7C5E0094D6A6 /* ParseChatTests.swift */; };
		BDDADC0A203B7C5E0094D6A6 /* ParseChatUITests.swift in Sources */ = {isa = PBXBuildFile; fileRef = BDDADC09203B7C5E0094D6A6 /* ParseChatUITests.swift */; };
		FC892AAB618DD97C816EB719 /* Pods_ParseChatUITests.framework in Frameworks */ = {isa = PBXBuildFile; fileRef = B3B98D0D3F9D668C082D1C99 /* Pods_ParseChatUITests.framework */; };
/* End PBXBuildFile section */

/* Begin PBXContainerItemProxy section */
		BDDADBFB203B7C5E0094D6A6 /* PBXContainerItemProxy */ = {
			isa = PBXContainerItemProxy;
			containerPortal = BDDADBDB203B7C5D0094D6A6 /* Project object */;
			proxyType = 1;
			remoteGlobalIDString = BDDADBE2203B7C5D0094D6A6;
			remoteInfo = ParseChat;
		};
		BDDADC06203B7C5E0094D6A6 /* PBXContainerItemProxy */ = {
			isa = PBXContainerItemProxy;
			containerPortal = BDDADBDB203B7C5D0094D6A6 /* Project object */;
			proxyType = 1;
			remoteGlobalIDString = BDDADBE2203B7C5D0094D6A6;
			remoteInfo = ParseChat;
		};
/* End PBXContainerItemProxy section */

/* Begin PBXFileReference section */
		0BF70E4F12CBC8C4E1DB8FF1 /* Pods-ParseChatTests.debug.xcconfig */ = {isa = PBXFileReference; includeInIndex = 1; lastKnownFileType = text.xcconfig; name = "Pods-ParseChatTests.debug.xcconfig"; path = "Pods/Target Support Files/Pods-ParseChatTests/Pods-ParseChatTests.debug.xcconfig"; sourceTree = "<group>"; };
		5ADF111385C44EB89E348B4B /* Pods-ParseChatTests.release.xcconfig */ = {isa = PBXFileReference; includeInIndex = 1; lastKnownFileType = text.xcconfig; name = "Pods-ParseChatTests.release.xcconfig"; path = "Pods/Target Support Files/Pods-ParseChatTests/Pods-ParseChatTests.release.xcconfig"; sourceTree = "<group>"; };
		696D3C20132EE7545A2A816A /* Pods-ParseChatUITests.release.xcconfig */ = {isa = PBXFileReference; includeInIndex = 1; lastKnownFileType = text.xcconfig; name = "Pods-ParseChatUITests.release.xcconfig"; path = "Pods/Target Support Files/Pods-ParseChatUITests/Pods-ParseChatUITests.release.xcconfig"; sourceTree = "<group>"; };
		97C5C334E25F2C75F6A0A29C /* Pods-ParseChat.debug.xcconfig */ = {isa = PBXFileReference; includeInIndex = 1; lastKnownFileType = text.xcconfig; name = "Pods-ParseChat.debug.xcconfig"; path = "Pods/Target Support Files/Pods-ParseChat/Pods-ParseChat.debug.xcconfig"; sourceTree = "<group>"; };
		B2546447454733843797616E /* Pods-ParseChatUITests.debug.xcconfig */ = {isa = PBXFileReference; includeInIndex = 1; lastKnownFileType = text.xcconfig; name = "Pods-ParseChatUITests.debug.xcconfig"; path = "Pods/Target Support Files/Pods-ParseChatUITests/Pods-ParseChatUITests.debug.xcconfig"; sourceTree = "<group>"; };
		B3B98D0D3F9D668C082D1C99 /* Pods_ParseChatUITests.framework */ = {isa = PBXFileReference; explicitFileType = wrapper.framework; includeInIndex = 0; path = Pods_ParseChatUITests.framework; sourceTree = BUILT_PRODUCTS_DIR; };
		BDDADBE3203B7C5D0094D6A6 /* ParseChat.app */ = {isa = PBXFileReference; explicitFileType = wrapper.application; includeInIndex = 0; path = ParseChat.app; sourceTree = BUILT_PRODUCTS_DIR; };
		BDDADBE6203B7C5D0094D6A6 /* AppDelegate.swift */ = {isa = PBXFileReference; lastKnownFileType = sourcecode.swift; path = AppDelegate.swift; sourceTree = "<group>"; };
		BDDADBE8203B7C5D0094D6A6 /* ViewController.swift */ = {isa = PBXFileReference; lastKnownFileType = sourcecode.swift; path = ViewController.swift; sourceTree = "<group>"; };
		BDDADBEB203B7C5D0094D6A6 /* Base */ = {isa = PBXFileReference; lastKnownFileType = file.storyboard; name = Base; path = Base.lproj/Main.storyboard; sourceTree = "<group>"; };
		BDDADBEE203B7C5D0094D6A6 /* ParseChat.xcdatamodel */ = {isa = PBXFileReference; lastKnownFileType = wrapper.xcdatamodel; path = ParseChat.xcdatamodel; sourceTree = "<group>"; };
		BDDADBF0203B7C5D0094D6A6 /* Assets.xcassets */ = {isa = PBXFileReference; lastKnownFileType = folder.assetcatalog; path = Assets.xcassets; sourceTree = "<group>"; };
		BDDADBF3203B7C5E0094D6A6 /* Base */ = {isa = PBXFileReference; lastKnownFileType = file.storyboard; name = Base; path = Base.lproj/LaunchScreen.storyboard; sourceTree = "<group>"; };
		BDDADBF5203B7C5E0094D6A6 /* Info.plist */ = {isa = PBXFileReference; lastKnownFileType = text.plist.xml; path = Info.plist; sourceTree = "<group>"; };
		BDDADBFA203B7C5E0094D6A6 /* ParseChatTests.xctest */ = {isa = PBXFileReference; explicitFileType = wrapper.cfbundle; includeInIndex = 0; path = ParseChatTests.xctest; sourceTree = BUILT_PRODUCTS_DIR; };
		BDDADBFE203B7C5E0094D6A6 /* ParseChatTests.swift */ = {isa = PBXFileReference; lastKnownFileType = sourcecode.swift; path = ParseChatTests.swift; sourceTree = "<group>"; };
		BDDADC00203B7C5E0094D6A6 /* Info.plist */ = {isa = PBXFileReference; lastKnownFileType = text.plist.xml; path = Info.plist; sourceTree = "<group>"; };
		BDDADC05203B7C5E0094D6A6 /* ParseChatUITests.xctest */ = {isa = PBXFileReference; explicitFileType = wrapper.cfbundle; includeInIndex = 0; path = ParseChatUITests.xctest; sourceTree = BUILT_PRODUCTS_DIR; };
		BDDADC09203B7C5E0094D6A6 /* ParseChatUITests.swift */ = {isa = PBXFileReference; lastKnownFileType = sourcecode.swift; path = ParseChatUITests.swift; sourceTree = "<group>"; };
		BDDADC0B203B7C5E0094D6A6 /* Info.plist */ = {isa = PBXFileReference; lastKnownFileType = text.plist.xml; path = Info.plist; sourceTree = "<group>"; };
		BE86561A46B554D5533A867A /* Pods_ParseChatTests.framework */ = {isa = PBXFileReference; explicitFileType = wrapper.framework; includeInIndex = 0; path = Pods_ParseChatTests.framework; sourceTree = BUILT_PRODUCTS_DIR; };
		CCDAD998556F295CA663F60A /* Pods-ParseChat.release.xcconfig */ = {isa = PBXFileReference; includeInIndex = 1; lastKnownFileType = text.xcconfig; name = "Pods-ParseChat.release.xcconfig"; path = "Pods/Target Support Files/Pods-ParseChat/Pods-ParseChat.release.xcconfig"; sourceTree = "<group>"; };
		CE784A260BA47D267BE54B5A /* Pods_ParseChat.framework */ = {isa = PBXFileReference; explicitFileType = wrapper.framework; includeInIndex = 0; path = Pods_ParseChat.framework; sourceTree = BUILT_PRODUCTS_DIR; };
/* End PBXFileReference section */

/* Begin PBXFrameworksBuildPhase section */
		BDDADBE0203B7C5D0094D6A6 /* Frameworks */ = {
			isa = PBXFrameworksBuildPhase;
			buildActionMask = 2147483647;
			files = (
				330E7C7723ED870CFA5E189A /* Pods_ParseChat.framework in Frameworks */,
			);
			runOnlyForDeploymentPostprocessing = 0;
		};
		BDDADBF7203B7C5E0094D6A6 /* Frameworks */ = {
			isa = PBXFrameworksBuildPhase;
			buildActionMask = 2147483647;
			files = (
				420D117A156D0AB13FCE3A21 /* Pods_ParseChatTests.framework in Frameworks */,
			);
			runOnlyForDeploymentPostprocessing = 0;
		};
		BDDADC02203B7C5E0094D6A6 /* Frameworks */ = {
			isa = PBXFrameworksBuildPhase;
			buildActionMask = 2147483647;
			files = (
				FC892AAB618DD97C816EB719 /* Pods_ParseChatUITests.framework in Frameworks */,
			);
			runOnlyForDeploymentPostprocessing = 0;
		};
/* End PBXFrameworksBuildPhase section */

/* Begin PBXGroup section */
		49BB713B424FF19E227C6792 /* Pods */ = {
			isa = PBXGroup;
			children = (
				97C5C334E25F2C75F6A0A29C /* Pods-ParseChat.debug.xcconfig */,
				CCDAD998556F295CA663F60A /* Pods-ParseChat.release.xcconfig */,
				0BF70E4F12CBC8C4E1DB8FF1 /* Pods-ParseChatTests.debug.xcconfig */,
				5ADF111385C44EB89E348B4B /* Pods-ParseChatTests.release.xcconfig */,
				B2546447454733843797616E /* Pods-ParseChatUITests.debug.xcconfig */,
				696D3C20132EE7545A2A816A /* Pods-ParseChatUITests.release.xcconfig */,
			);
			name = Pods;
			sourceTree = "<group>";
		};
		73953218A7101F805B5A1C9C /* Frameworks */ = {
			isa = PBXGroup;
			children = (
				CE784A260BA47D267BE54B5A /* Pods_ParseChat.framework */,
				BE86561A46B554D5533A867A /* Pods_ParseChatTests.framework */,
				B3B98D0D3F9D668C082D1C99 /* Pods_ParseChatUITests.framework */,
			);
			name = Frameworks;
			sourceTree = "<group>";
		};
		BDDADBDA203B7C5D0094D6A6 = {
			isa = PBXGroup;
			children = (
				BDDADBE5203B7C5D0094D6A6 /* ParseChat */,
				BDDADBFD203B7C5E0094D6A6 /* ParseChatTests */,
				BDDADC08203B7C5E0094D6A6 /* ParseChatUITests */,
				BDDADBE4203B7C5D0094D6A6 /* Products */,
				49BB713B424FF19E227C6792 /* Pods */,
				73953218A7101F805B5A1C9C /* Frameworks */,
			);
			sourceTree = "<group>";
		};
		BDDADBE4203B7C5D0094D6A6 /* Products */ = {
			isa = PBXGroup;
			children = (
				BDDADBE3203B7C5D0094D6A6 /* ParseChat.app */,
				BDDADBFA203B7C5E0094D6A6 /* ParseChatTests.xctest */,
				BDDADC05203B7C5E0094D6A6 /* ParseChatUITests.xctest */,
			);
			name = Products;
			sourceTree = "<group>";
		};
		BDDADBE5203B7C5D0094D6A6 /* ParseChat */ = {
			isa = PBXGroup;
			children = (
				BDDADBE6203B7C5D0094D6A6 /* AppDelegate.swift */,
				BDDADBE8203B7C5D0094D6A6 /* ViewController.swift */,
				BDDADBEA203B7C5D0094D6A6 /* Main.storyboard */,
				BDDADBF0203B7C5D0094D6A6 /* Assets.xcassets */,
				BDDADBF2203B7C5E0094D6A6 /* LaunchScreen.storyboard */,
				BDDADBF5203B7C5E0094D6A6 /* Info.plist */,
				BDDADBED203B7C5D0094D6A6 /* ParseChat.xcdatamodeld */,
			);
			path = ParseChat;
			sourceTree = "<group>";
		};
		BDDADBFD203B7C5E0094D6A6 /* ParseChatTests */ = {
			isa = PBXGroup;
			children = (
				BDDADBFE203B7C5E0094D6A6 /* ParseChatTests.swift */,
				BDDADC00203B7C5E0094D6A6 /* Info.plist */,
			);
			path = ParseChatTests;
			sourceTree = "<group>";
		};
		BDDADC08203B7C5E0094D6A6 /* ParseChatUITests */ = {
			isa = PBXGroup;
			children = (
				BDDADC09203B7C5E0094D6A6 /* ParseChatUITests.swift */,
				BDDADC0B203B7C5E0094D6A6 /* Info.plist */,
			);
			path = ParseChatUITests;
			sourceTree = "<group>";
		};
/* End PBXGroup section */

/* Begin PBXNativeTarget section */
		BDDADBE2203B7C5D0094D6A6 /* ParseChat */ = {
			isa = PBXNativeTarget;
			buildConfigurationList = BDDADC0E203B7C5E0094D6A6 /* Build configuration list for PBXNativeTarget "ParseChat" */;
			buildPhases = (
				7C763371972D2A697D5E604E /* [CP] Check Pods Manifest.lock */,
				BDDADBDF203B7C5D0094D6A6 /* Sources */,
				BDDADBE0203B7C5D0094D6A6 /* Frameworks */,
				BDDADBE1203B7C5D0094D6A6 /* Resources */,
				0873B604F9707E6693AB7774 /* [CP] Embed Pods Frameworks */,
				6BEF9FC5C557E5D9CA828506 /* [CP] Copy Pods Resources */,
			);
			buildRules = (
			);
			dependencies = (
			);
			name = ParseChat;
			productName = ParseChat;
			productReference = BDDADBE3203B7C5D0094D6A6 /* ParseChat.app */;
			productType = "com.apple.product-type.application";
		};
		BDDADBF9203B7C5E0094D6A6 /* ParseChatTests */ = {
			isa = PBXNativeTarget;
			buildConfigurationList = BDDADC11203B7C5E0094D6A6 /* Build configuration list for PBXNativeTarget "ParseChatTests" */;
			buildPhases = (
				7E27657CA8FD50B6886445EC /* [CP] Check Pods Manifest.lock */,
				BDDADBF6203B7C5E0094D6A6 /* Sources */,
				BDDADBF7203B7C5E0094D6A6 /* Frameworks */,
				BDDADBF8203B7C5E0094D6A6 /* Resources */,
				467E68866EE66F7826AD9BB5 /* [CP] Embed Pods Frameworks */,
				35A0059249ED9D6007DE59F1 /* [CP] Copy Pods Resources */,
			);
			buildRules = (
			);
			dependencies = (
				BDDADBFC203B7C5E0094D6A6 /* PBXTargetDependency */,
			);
			name = ParseChatTests;
			productName = ParseChatTests;
			productReference = BDDADBFA203B7C5E0094D6A6 /* ParseChatTests.xctest */;
			productType = "com.apple.product-type.bundle.unit-test";
		};
		BDDADC04203B7C5E0094D6A6 /* ParseChatUITests */ = {
			isa = PBXNativeTarget;
			buildConfigurationList = BDDADC14203B7C5E0094D6A6 /* Build configuration list for PBXNativeTarget "ParseChatUITests" */;
			buildPhases = (
				0E95C01EA5DB293EAA0DDC2C /* [CP] Check Pods Manifest.lock */,
				BDDADC01203B7C5E0094D6A6 /* Sources */,
				BDDADC02203B7C5E0094D6A6 /* Frameworks */,
				BDDADC03203B7C5E0094D6A6 /* Resources */,
				903E43E15DD256AB7C3D6B75 /* [CP] Embed Pods Frameworks */,
				E47FBD0FA46DB95D890A85E5 /* [CP] Copy Pods Resources */,
			);
			buildRules = (
			);
			dependencies = (
				BDDADC07203B7C5E0094D6A6 /* PBXTargetDependency */,
			);
			name = ParseChatUITests;
			productName = ParseChatUITests;
			productReference = BDDADC05203B7C5E0094D6A6 /* ParseChatUITests.xctest */;
			productType = "com.apple.product-type.bundle.ui-testing";
		};
/* End PBXNativeTarget section */

/* Begin PBXProject section */
		BDDADBDB203B7C5D0094D6A6 /* Project object */ = {
			isa = PBXProject;
			attributes = {
				LastSwiftUpdateCheck = 0920;
				LastUpgradeCheck = 0920;
				ORGANIZATIONNAME = Odin;
				TargetAttributes = {
					BDDADBE2203B7C5D0094D6A6 = {
						CreatedOnToolsVersion = 9.2;
						ProvisioningStyle = Automatic;
					};
					BDDADBF9203B7C5E0094D6A6 = {
						CreatedOnToolsVersion = 9.2;
						ProvisioningStyle = Automatic;
						TestTargetID = BDDADBE2203B7C5D0094D6A6;
					};
					BDDADC04203B7C5E0094D6A6 = {
						CreatedOnToolsVersion = 9.2;
						ProvisioningStyle = Automatic;
						TestTargetID = BDDADBE2203B7C5D0094D6A6;
					};
				};
			};
			buildConfigurationList = BDDADBDE203B7C5D0094D6A6 /* Build configuration list for PBXProject "ParseChat" */;
			compatibilityVersion = "Xcode 8.0";
			developmentRegion = en;
			hasScannedForEncodings = 0;
			knownRegions = (
				en,
				Base,
			);
			mainGroup = BDDADBDA203B7C5D0094D6A6;
			productRefGroup = BDDADBE4203B7C5D0094D6A6 /* Products */;
			projectDirPath = "";
			projectRoot = "";
			targets = (
				BDDADBE2203B7C5D0094D6A6 /* ParseChat */,
				BDDADBF9203B7C5E0094D6A6 /* ParseChatTests */,
				BDDADC04203B7C5E0094D6A6 /* ParseChatUITests */,
			);
		};
/* End PBXProject section */

/* Begin PBXResourcesBuildPhase section */
		BDDADBE1203B7C5D0094D6A6 /* Resources */ = {
			isa = PBXResourcesBuildPhase;
			buildActionMask = 2147483647;
			files = (
				BDDADBF4203B7C5E0094D6A6 /* LaunchScreen.storyboard in Resources */,
				BDDADBF1203B7C5D0094D6A6 /* Assets.xcassets in Resources */,
				BDDADBEC203B7C5D0094D6A6 /* Main.storyboard in Resources */,
			);
			runOnlyForDeploymentPostprocessing = 0;
		};
		BDDADBF8203B7C5E0094D6A6 /* Resources */ = {
			isa = PBXResourcesBuildPhase;
			buildActionMask = 2147483647;
			files = (
			);
			runOnlyForDeploymentPostprocessing = 0;
		};
		BDDADC03203B7C5E0094D6A6 /* Resources */ = {
			isa = PBXResourcesBuildPhase;
			buildActionMask = 2147483647;
			files = (
			);
			runOnlyForDeploymentPostprocessing = 0;
		};
/* End PBXResourcesBuildPhase section */

/* Begin PBXShellScriptBuildPhase section */
		0873B604F9707E6693AB7774 /* [CP] Embed Pods Frameworks */ = {
			isa = PBXShellScriptBuildPhase;
			buildActionMask = 2147483647;
			files = (
			);
			inputPaths = (
				"${SRCROOT}/Pods/Target Support Files/Pods-ParseChat/Pods-ParseChat-frameworks.sh",
				"${BUILT_PRODUCTS_DIR}/Bolts/Bolts.framework",
				"${BUILT_PRODUCTS_DIR}/Parse/Parse.framework",
			);
			name = "[CP] Embed Pods Frameworks";
			outputPaths = (
				"${TARGET_BUILD_DIR}/${FRAMEWORKS_FOLDER_PATH}/Bolts.framework",
				"${TARGET_BUILD_DIR}/${FRAMEWORKS_FOLDER_PATH}/Parse.framework",
			);
			runOnlyForDeploymentPostprocessing = 0;
			shellPath = /bin/sh;
			shellScript = "\"${SRCROOT}/Pods/Target Support Files/Pods-ParseChat/Pods-ParseChat-frameworks.sh\"\n";
			showEnvVarsInLog = 0;
		};
		0E95C01EA5DB293EAA0DDC2C /* [CP] Check Pods Manifest.lock */ = {
			isa = PBXShellScriptBuildPhase;
			buildActionMask = 2147483647;
			files = (
			);
			inputPaths = (
				"${PODS_PODFILE_DIR_PATH}/Podfile.lock",
				"${PODS_ROOT}/Manifest.lock",
			);
			name = "[CP] Check Pods Manifest.lock";
			outputPaths = (
				"$(DERIVED_FILE_DIR)/Pods-ParseChatUITests-checkManifestLockResult.txt",
			);
			runOnlyForDeploymentPostprocessing = 0;
			shellPath = /bin/sh;
			shellScript = "diff \"${PODS_PODFILE_DIR_PATH}/Podfile.lock\" \"${PODS_ROOT}/Manifest.lock\" > /dev/null\nif [ $? != 0 ] ; then\n    # print error to STDERR\n    echo \"error: The sandbox is not in sync with the Podfile.lock. Run 'pod install' or update your CocoaPods installation.\" >&2\n    exit 1\nfi\n# This output is used by Xcode 'outputs' to avoid re-running this script phase.\necho \"SUCCESS\" > \"${SCRIPT_OUTPUT_FILE_0}\"\n";
			showEnvVarsInLog = 0;
		};
		35A0059249ED9D6007DE59F1 /* [CP] Copy Pods Resources */ = {
			isa = PBXShellScriptBuildPhase;
			buildActionMask = 2147483647;
			files = (
			);
			inputPaths = (
			);
			name = "[CP] Copy Pods Resources";
			outputPaths = (
			);
			runOnlyForDeploymentPostprocessing = 0;
			shellPath = /bin/sh;
			shellScript = "\"${SRCROOT}/Pods/Target Support Files/Pods-ParseChatTests/Pods-ParseChatTests-resources.sh\"\n";
			showEnvVarsInLog = 0;
		};
		467E68866EE66F7826AD9BB5 /* [CP] Embed Pods Frameworks */ = {
			isa = PBXShellScriptBuildPhase;
			buildActionMask = 2147483647;
			files = (
			);
			inputPaths = (
			);
			name = "[CP] Embed Pods Frameworks";
			outputPaths = (
			);
			runOnlyForDeploymentPostprocessing = 0;
			shellPath = /bin/sh;
			shellScript = "\"${SRCROOT}/Pods/Target Support Files/Pods-ParseChatTests/Pods-ParseChatTests-frameworks.sh\"\n";
			showEnvVarsInLog = 0;
		};
		6BEF9FC5C557E5D9CA828506 /* [CP] Copy Pods Resources */ = {
			isa = PBXShellScriptBuildPhase;
			buildActionMask = 2147483647;
			files = (
			);
			inputPaths = (
			);
			name = "[CP] Copy Pods Resources";
			outputPaths = (
			);
			runOnlyForDeploymentPostprocessing = 0;
			shellPath = /bin/sh;
			shellScript = "\"${SRCROOT}/Pods/Target Support Files/Pods-ParseChat/Pods-ParseChat-resources.sh\"\n";
			showEnvVarsInLog = 0;
		};
		7C763371972D2A697D5E604E /* [CP] Check Pods Manifest.lock */ = {
			isa = PBXShellScriptBuildPhase;
			buildActionMask = 2147483647;
			files = (
			);
			inputPaths = (
				"${PODS_PODFILE_DIR_PATH}/Podfile.lock",
				"${PODS_ROOT}/Manifest.lock",
			);
			name = "[CP] Check Pods Manifest.lock";
			outputPaths = (
				"$(DERIVED_FILE_DIR)/Pods-ParseChat-checkManifestLockResult.txt",
			);
			runOnlyForDeploymentPostprocessing = 0;
			shellPath = /bin/sh;
			shellScript = "diff \"${PODS_PODFILE_DIR_PATH}/Podfile.lock\" \"${PODS_ROOT}/Manifest.lock\" > /dev/null\nif [ $? != 0 ] ; then\n    # print error to STDERR\n    echo \"error: The sandbox is not in sync with the Podfile.lock. Run 'pod install' or update your CocoaPods installation.\" >&2\n    exit 1\nfi\n# This output is used by Xcode 'outputs' to avoid re-running this script phase.\necho \"SUCCESS\" > \"${SCRIPT_OUTPUT_FILE_0}\"\n";
			showEnvVarsInLog = 0;
		};
		7E27657CA8FD50B6886445EC /* [CP] Check Pods Manifest.lock */ = {
			isa = PBXShellScriptBuildPhase;
			buildActionMask = 2147483647;
			files = (
			);
			inputPaths = (
				"${PODS_PODFILE_DIR_PATH}/Podfile.lock",
				"${PODS_ROOT}/Manifest.lock",
			);
			name = "[CP] Check Pods Manifest.lock";
			outputPaths = (
				"$(DERIVED_FILE_DIR)/Pods-ParseChatTests-checkManifestLockResult.txt",
			);
			runOnlyForDeploymentPostprocessing = 0;
			shellPath = /bin/sh;
			shellScript = "diff \"${PODS_PODFILE_DIR_PATH}/Podfile.lock\" \"${PODS_ROOT}/Manifest.lock\" > /dev/null\nif [ $? != 0 ] ; then\n    # print error to STDERR\n    echo \"error: The sandbox is not in sync with the Podfile.lock. Run 'pod install' or update your CocoaPods installation.\" >&2\n    exit 1\nfi\n# This output is used by Xcode 'outputs' to avoid re-running this script phase.\necho \"SUCCESS\" > \"${SCRIPT_OUTPUT_FILE_0}\"\n";
			showEnvVarsInLog = 0;
		};
		903E43E15DD256AB7C3D6B75 /* [CP] Embed Pods Frameworks */ = {
			isa = PBXShellScriptBuildPhase;
			buildActionMask = 2147483647;
			files = (
			);
			inputPaths = (
			);
			name = "[CP] Embed Pods Frameworks";
			outputPaths = (
			);
			runOnlyForDeploymentPostprocessing = 0;
			shellPath = /bin/sh;
			shellScript = "\"${SRCROOT}/Pods/Target Support Files/Pods-ParseChatUITests/Pods-ParseChatUITests-frameworks.sh\"\n";
			showEnvVarsInLog = 0;
		};
		E47FBD0FA46DB95D890A85E5 /* [CP] Copy Pods Resources */ = {
			isa = PBXShellScriptBuildPhase;
			buildActionMask = 2147483647;
			files = (
			);
			inputPaths = (
			);
			name = "[CP] Copy Pods Resources";
			outputPaths = (
			);
			runOnlyForDeploymentPostprocessing = 0;
			shellPath = /bin/sh;
			shellScript = "\"${SRCROOT}/Pods/Target Support Files/Pods-ParseChatUITests/Pods-ParseChatUITests-resources.sh\"\n";
			showEnvVarsInLog = 0;
		};
/* End PBXShellScriptBuildPhase section */

/* Begin PBXSourcesBuildPhase section */
		BDDADBDF203B7C5D0094D6A6 /* Sources */ = {
			isa = PBXSourcesBuildPhase;
			buildActionMask = 2147483647;
			files = (
				BDDADBE9203B7C5D0094D6A6 /* ViewController.swift in Sources */,
				BDDADBE7203B7C5D0094D6A6 /* AppDelegate.swift in Sources */,
				BDDADBEF203B7C5D0094D6A6 /* ParseChat.xcdatamodeld in Sources */,
			);
			runOnlyForDeploymentPostprocessing = 0;
		};
		BDDADBF6203B7C5E0094D6A6 /* Sources */ = {
			isa = PBXSourcesBuildPhase;
			buildActionMask = 2147483647;
			files = (
				BDDADBFF203B7C5E0094D6A6 /* ParseChatTests.swift in Sources */,
			);
			runOnlyForDeploymentPostprocessing = 0;
		};
		BDDADC01203B7C5E0094D6A6 /* Sources */ = {
			isa = PBXSourcesBuildPhase;
			buildActionMask = 2147483647;
			files = (
				BDDADC0A203B7C5E0094D6A6 /* ParseChatUITests.swift in Sources */,
			);
			runOnlyForDeploymentPostprocessing = 0;
		};
/* End PBXSourcesBuildPhase section */

/* Begin PBXTargetDependency section */
		BDDADBFC203B7C5E0094D6A6 /* PBXTargetDependency */ = {
			isa = PBXTargetDependency;
			target = BDDADBE2203B7C5D0094D6A6 /* ParseChat */;
			targetProxy = BDDADBFB203B7C5E0094D6A6 /* PBXContainerItemProxy */;
		};
		BDDADC07203B7C5E0094D6A6 /* PBXTargetDependency */ = {
			isa = PBXTargetDependency;
			target = BDDADBE2203B7C5D0094D6A6 /* ParseChat */;
			targetProxy = BDDADC06203B7C5E0094D6A6 /* PBXContainerItemProxy */;
		};
/* End PBXTargetDependency section */

/* Begin PBXVariantGroup section */
		BDDADBEA203B7C5D0094D6A6 /* Main.storyboard */ = {
			isa = PBXVariantGroup;
			children = (
				BDDADBEB203B7C5D0094D6A6 /* Base */,
			);
			name = Main.storyboard;
			sourceTree = "<group>";
		};
		BDDADBF2203B7C5E0094D6A6 /* LaunchScreen.storyboard */ = {
			isa = PBXVariantGroup;
			children = (
				BDDADBF3203B7C5E0094D6A6 /* Base */,
			);
			name = LaunchScreen.storyboard;
			sourceTree = "<group>";
		};
/* End PBXVariantGroup section */

/* Begin XCBuildConfiguration section */
		BDDADC0C203B7C5E0094D6A6 /* Debug */ = {
			isa = XCBuildConfiguration;
			buildSettings = {
				ALWAYS_SEARCH_USER_PATHS = NO;
				CLANG_ANALYZER_NONNULL = YES;
				CLANG_ANALYZER_NUMBER_OBJECT_CONVERSION = YES_AGGRESSIVE;
				CLANG_CXX_LANGUAGE_STANDARD = "gnu++14";
				CLANG_CXX_LIBRARY = "libc++";
				CLANG_ENABLE_MODULES = YES;
				CLANG_ENABLE_OBJC_ARC = YES;
				CLANG_WARN_BLOCK_CAPTURE_AUTORELEASING = YES;
				CLANG_WARN_BOOL_CONVERSION = YES;
				CLANG_WARN_COMMA = YES;
				CLANG_WARN_CONSTANT_CONVERSION = YES;
				CLANG_WARN_DIRECT_OBJC_ISA_USAGE = YES_ERROR;
				CLANG_WARN_DOCUMENTATION_COMMENTS = YES;
				CLANG_WARN_EMPTY_BODY = YES;
				CLANG_WARN_ENUM_CONVERSION = YES;
				CLANG_WARN_INFINITE_RECURSION = YES;
				CLANG_WARN_INT_CONVERSION = YES;
				CLANG_WARN_NON_LITERAL_NULL_CONVERSION = YES;
				CLANG_WARN_OBJC_LITERAL_CONVERSION = YES;
				CLANG_WARN_OBJC_ROOT_CLASS = YES_ERROR;
				CLANG_WARN_RANGE_LOOP_ANALYSIS = YES;
				CLANG_WARN_STRICT_PROTOTYPES = YES;
				CLANG_WARN_SUSPICIOUS_MOVE = YES;
				CLANG_WARN_UNGUARDED_AVAILABILITY = YES_AGGRESSIVE;
				CLANG_WARN_UNREACHABLE_CODE = YES;
				CLANG_WARN__DUPLICATE_METHOD_MATCH = YES;
				CODE_SIGN_IDENTITY = "iPhone Developer";
				COPY_PHASE_STRIP = NO;
				DEBUG_INFORMATION_FORMAT = dwarf;
				ENABLE_STRICT_OBJC_MSGSEND = YES;
				ENABLE_TESTABILITY = YES;
				GCC_C_LANGUAGE_STANDARD = gnu11;
				GCC_DYNAMIC_NO_PIC = NO;
				GCC_NO_COMMON_BLOCKS = YES;
				GCC_OPTIMIZATION_LEVEL = 0;
				GCC_PREPROCESSOR_DEFINITIONS = (
					"DEBUG=1",
					"$(inherited)",
				);
				GCC_WARN_64_TO_32_BIT_CONVERSION = YES;
				GCC_WARN_ABOUT_RETURN_TYPE = YES_ERROR;
				GCC_WARN_UNDECLARED_SELECTOR = YES;
				GCC_WARN_UNINITIALIZED_AUTOS = YES_AGGRESSIVE;
				GCC_WARN_UNUSED_FUNCTION = YES;
				GCC_WARN_UNUSED_VARIABLE = YES;
				IPHONEOS_DEPLOYMENT_TARGET = 11.2;
				MTL_ENABLE_DEBUG_INFO = YES;
				ONLY_ACTIVE_ARCH = YES;
				SDKROOT = iphoneos;
				SWIFT_ACTIVE_COMPILATION_CONDITIONS = DEBUG;
				SWIFT_OPTIMIZATION_LEVEL = "-Onone";
			};
			name = Debug;
		};
		BDDADC0D203B7C5E0094D6A6 /* Release */ = {
			isa = XCBuildConfiguration;
			buildSettings = {
				ALWAYS_SEARCH_USER_PATHS = NO;
				CLANG_ANALYZER_NONNULL = YES;
				CLANG_ANALYZER_NUMBER_OBJECT_CONVERSION = YES_AGGRESSIVE;
				CLANG_CXX_LANGUAGE_STANDARD = "gnu++14";
				CLANG_CXX_LIBRARY = "libc++";
				CLANG_ENABLE_MODULES = YES;
				CLANG_ENABLE_OBJC_ARC = YES;
				CLANG_WARN_BLOCK_CAPTURE_AUTORELEASING = YES;
				CLANG_WARN_BOOL_CONVERSION = YES;
				CLANG_WARN_COMMA = YES;
				CLANG_WARN_CONSTANT_CONVERSION = YES;
				CLANG_WARN_DIRECT_OBJC_ISA_USAGE = YES_ERROR;
				CLANG_WARN_DOCUMENTATION_COMMENTS = YES;
				CLANG_WARN_EMPTY_BODY = YES;
				CLANG_WARN_ENUM_CONVERSION = YES;
				CLANG_WARN_INFINITE_RECURSION = YES;
				CLANG_WARN_INT_CONVERSION = YES;
				CLANG_WARN_NON_LITERAL_NULL_CONVERSION = YES;
				CLANG_WARN_OBJC_LITERAL_CONVERSION = YES;
				CLANG_WARN_OBJC_ROOT_CLASS = YES_ERROR;
				CLANG_WARN_RANGE_LOOP_ANALYSIS = YES;
				CLANG_WARN_STRICT_PROTOTYPES = YES;
				CLANG_WARN_SUSPICIOUS_MOVE = YES;
				CLANG_WARN_UNGUARDED_AVAILABILITY = YES_AGGRESSIVE;
				CLANG_WARN_UNREACHABLE_CODE = YES;
				CLANG_WARN__DUPLICATE_METHOD_MATCH = YES;
				CODE_SIGN_IDENTITY = "iPhone Developer";
				COPY_PHASE_STRIP = NO;
				DEBUG_INFORMATION_FORMAT = "dwarf-with-dsym";
				ENABLE_NS_ASSERTIONS = NO;
				ENABLE_STRICT_OBJC_MSGSEND = YES;
				GCC_C_LANGUAGE_STANDARD = gnu11;
				GCC_NO_COMMON_BLOCKS = YES;
				GCC_WARN_64_TO_32_BIT_CONVERSION = YES;
				GCC_WARN_ABOUT_RETURN_TYPE = YES_ERROR;
				GCC_WARN_UNDECLARED_SELECTOR = YES;
				GCC_WARN_UNINITIALIZED_AUTOS = YES_AGGRESSIVE;
				GCC_WARN_UNUSED_FUNCTION = YES;
				GCC_WARN_UNUSED_VARIABLE = YES;
				IPHONEOS_DEPLOYMENT_TARGET = 11.2;
				MTL_ENABLE_DEBUG_INFO = NO;
				SDKROOT = iphoneos;
				SWIFT_OPTIMIZATION_LEVEL = "-Owholemodule";
				VALIDATE_PRODUCT = YES;
			};
			name = Release;
		};
		BDDADC0F203B7C5E0094D6A6 /* Debug */ = {
			isa = XCBuildConfiguration;
			baseConfigurationReference = 97C5C334E25F2C75F6A0A29C /* Pods-ParseChat.debug.xcconfig */;
			buildSettings = {
				ASSETCATALOG_COMPILER_APPICON_NAME = AppIcon;
				CODE_SIGN_STYLE = Automatic;
				DEVELOPMENT_TEAM = XU7HXHSLJL;
				INFOPLIST_FILE = ParseChat/Info.plist;
				LD_RUNPATH_SEARCH_PATHS = "$(inherited) @executable_path/Frameworks";
				PRODUCT_BUNDLE_IDENTIFIER = com.hydra.ParseChat;
				PRODUCT_NAME = "$(TARGET_NAME)";
				SWIFT_VERSION = 4.0;
				TARGETED_DEVICE_FAMILY = "1,2";
			};
			name = Debug;
		};
		BDDADC10203B7C5E0094D6A6 /* Release */ = {
			isa = XCBuildConfiguration;
			baseConfigurationReference = CCDAD998556F295CA663F60A /* Pods-ParseChat.release.xcconfig */;
			buildSettings = {
				ASSETCATALOG_COMPILER_APPICON_NAME = AppIcon;
				CODE_SIGN_STYLE = Automatic;
				DEVELOPMENT_TEAM = XU7HXHSLJL;
				INFOPLIST_FILE = ParseChat/Info.plist;
				LD_RUNPATH_SEARCH_PATHS = "$(inherited) @executable_path/Frameworks";
				PRODUCT_BUNDLE_IDENTIFIER = com.hydra.ParseChat;
				PRODUCT_NAME = "$(TARGET_NAME)";
				SWIFT_VERSION = 4.0;
				TARGETED_DEVICE_FAMILY = "1,2";
			};
			name = Release;
		};
		BDDADC12203B7C5E0094D6A6 /* Debug */ = {
			isa = XCBuildConfiguration;
			baseConfigurationReference = 0BF70E4F12CBC8C4E1DB8FF1 /* Pods-ParseChatTests.debug.xcconfig */;
			buildSettings = {
				ALWAYS_EMBED_SWIFT_STANDARD_LIBRARIES = YES;
				BUNDLE_LOADER = "$(TEST_HOST)";
				CODE_SIGN_STYLE = Automatic;
				DEVELOPMENT_TEAM = XU7HXHSLJL;
				INFOPLIST_FILE = ParseChatTests/Info.plist;
				LD_RUNPATH_SEARCH_PATHS = "$(inherited) @executable_path/Frameworks @loader_path/Frameworks";
				PRODUCT_BUNDLE_IDENTIFIER = com.hydra.ParseChatTests;
				PRODUCT_NAME = "$(TARGET_NAME)";
				SWIFT_VERSION = 4.0;
				TARGETED_DEVICE_FAMILY = "1,2";
				TEST_HOST = "$(BUILT_PRODUCTS_DIR)/ParseChat.app/ParseChat";
			};
			name = Debug;
		};
		BDDADC13203B7C5E0094D6A6 /* Release */ = {
			isa = XCBuildConfiguration;
			baseConfigurationReference = 5ADF111385C44EB89E348B4B /* Pods-ParseChatTests.release.xcconfig */;
			buildSettings = {
				ALWAYS_EMBED_SWIFT_STANDARD_LIBRARIES = YES;
				BUNDLE_LOADER = "$(TEST_HOST)";
				CODE_SIGN_STYLE = Automatic;
				DEVELOPMENT_TEAM = XU7HXHSLJL;
				INFOPLIST_FILE = ParseChatTests/Info.plist;
				LD_RUNPATH_SEARCH_PATHS = "$(inherited) @executable_path/Frameworks @loader_path/Frameworks";
				PRODUCT_BUNDLE_IDENTIFIER = com.hydra.ParseChatTests;
				PRODUCT_NAME = "$(TARGET_NAME)";
				SWIFT_VERSION = 4.0;
				TARGETED_DEVICE_FAMILY = "1,2";
				TEST_HOST = "$(BUILT_PRODUCTS_DIR)/ParseChat.app/ParseChat";
			};
			name = Release;
		};
		BDDADC15203B7C5E0094D6A6 /* Debug */ = {
			isa = XCBuildConfiguration;
			baseConfigurationReference = B2546447454733843797616E /* Pods-ParseChatUITests.debug.xcconfig */;
			buildSettings = {
				ALWAYS_EMBED_SWIFT_STANDARD_LIBRARIES = YES;
				CODE_SIGN_STYLE = Automatic;
				DEVELOPMENT_TEAM = XU7HXHSLJL;
				INFOPLIST_FILE = ParseChatUITests/Info.plist;
				LD_RUNPATH_SEARCH_PATHS = "$(inherited) @executable_path/Frameworks @loader_path/Frameworks";
				PRODUCT_BUNDLE_IDENTIFIER = com.hydra.ParseChatUITests;
				PRODUCT_NAME = "$(TARGET_NAME)";
				SWIFT_VERSION = 4.0;
				TARGETED_DEVICE_FAMILY = "1,2";
				TEST_TARGET_NAME = ParseChat;
			};
			name = Debug;
		};
		BDDADC16203B7C5E0094D6A6 /* Release */ = {
			isa = XCBuildConfiguration;
			baseConfigurationReference = 696D3C20132EE7545A2A816A /* Pods-ParseChatUITests.release.xcconfig */;
			buildSettings = {
				ALWAYS_EMBED_SWIFT_STANDARD_LIBRARIES = YES;
				CODE_SIGN_STYLE = Automatic;
				DEVELOPMENT_TEAM = XU7HXHSLJL;
				INFOPLIST_FILE = ParseChatUITests/Info.plist;
				LD_RUNPATH_SEARCH_PATHS = "$(inherited) @executable_path/Frameworks @loader_path/Frameworks";
				PRODUCT_BUNDLE_IDENTIFIER = com.hydra.ParseChatUITests;
				PRODUCT_NAME = "$(TARGET_NAME)";
				SWIFT_VERSION = 4.0;
				TARGETED_DEVICE_FAMILY = "1,2";
				TEST_TARGET_NAME = ParseChat;
			};
			name = Release;
		};
/* End XCBuildConfiguration section */

/* Begin XCConfigurationList section */
		BDDADBDE203B7C5D0094D6A6 /* Build configuration list for PBXProject "ParseChat" */ = {
			isa = XCConfigurationList;
			buildConfigurations = (
				BDDADC0C203B7C5E0094D6A6 /* Debug */,
				BDDADC0D203B7C5E0094D6A6 /* Release */,
			);
			defaultConfigurationIsVisible = 0;
			defaultConfigurationName = Release;
		};
		BDDADC0E203B7C5E0094D6A6 /* Build configuration list for PBXNativeTarget "ParseChat" */ = {
			isa = XCConfigurationList;
			buildConfigurations = (
				BDDADC0F203B7C5E0094D6A6 /* Debug */,
				BDDADC10203B7C5E0094D6A6 /* Release */,
			);
			defaultConfigurationIsVisible = 0;
			defaultConfigurationName = Release;
		};
		BDDADC11203B7C5E0094D6A6 /* Build configuration list for PBXNativeTarget "ParseChatTests" */ = {
			isa = XCConfigurationList;
			buildConfigurations = (
				BDDADC12203B7C5E0094D6A6 /* Debug */,
				BDDADC13203B7C5E0094D6A6 /* Release */,
			);
			defaultConfigurationIsVisible = 0;
			defaultConfigurationName = Release;
		};
		BDDADC14203B7C5E0094D6A6 /* Build configuration list for PBXNativeTarget "ParseChatUITests" */ = {
			isa = XCConfigurationList;
			buildConfigurations = (
				BDDADC15203B7C5E0094D6A6 /* Debug */,
				BDDADC16203B7C5E0094D6A6 /* Release */,
			);
			defaultConfigurationIsVisible = 0;
			defaultConfigurationName = Release;
		};
/* End XCConfigurationList section */

/* Begin XCVersionGroup section */
		BDDADBED203B7C5D0094D6A6 /* ParseChat.xcdatamodeld */ = {
			isa = XCVersionGroup;
			children = (
				BDDADBEE203B7C5D0094D6A6 /* ParseChat.xcdatamodel */,
			);
			currentVersion = BDDADBEE203B7C5D0094D6A6 /* ParseChat.xcdatamodel */;
			path = ParseChat.xcdatamodeld;
			sourceTree = "<group>";
			versionGroupType = wrapper.xcdatamodel;
		};
/* End XCVersionGroup section */
	};
	rootObject = BDDADBDB203B7C5D0094D6A6 /* Project object */;
}
